
Microsoft Visual Studio Solution File, Format Version 12.00
# Visual Studio Version 17
VisualStudioVersion = 17.7.34031.279
MinimumVisualStudioVersion = 10.0.40219.1
Project("{FAE04EC0-301F-11D3-BF4B-00C04F79EFBC}") = "27.11.23 lab", "27.11.23 lab.csproj", "{C3F28B29-80B0-43C7-8DB2-DD6C45BFC412}"
EndProject
Global
	GlobalSection(SolutionConfigurationPlatforms) = preSolution
		Debug|Any CPU = Debug|Any CPU
		Release|Any CPU = Release|Any CPU
	EndGlobalSection
	GlobalSection(ProjectConfigurationPlatforms) = postSolution
		{C3F28B29-80B0-43C7-8DB2-DD6C45BFC412}.Debug|Any CPU.ActiveCfg = Debug|Any CPU
		{C3F28B29-80B0-43C7-8DB2-DD6C45BFC412}.Debug|Any CPU.Build.0 = Debug|Any CPU
		{C3F28B29-80B0-43C7-8DB2-DD6C45BFC412}.Release|Any CPU.ActiveCfg = Release|Any CPU
		{C3F28B29-80B0-43C7-8DB2-DD6C45BFC412}.Release|Any CPU.Build.0 = Release|Any CPU
	EndGlobalSection
	GlobalSection(SolutionProperties) = preSolution
		HideSolutionNode = FALSE
	EndGlobalSection
	GlobalSection(ExtensibilityGlobals) = postSolution
		SolutionGuid = {8717C0CE-C6AB-486B-B26C-DD83855DB6A4}
	EndGlobalSection
EndGlobal
