
Microsoft Visual Studio Solution File, Format Version 12.00
# Visual Studio Version 17
VisualStudioVersion = 17.7.34031.279
MinimumVisualStudioVersion = 10.0.40219.1
Project("{FAE04EC0-301F-11D3-BF4B-00C04F79EFBC}") = "05.02.24", "05.02.24.csproj", "{6A746A1E-A667-4182-8E0A-47ADA4EB0ADB}"
EndProject
Global
	GlobalSection(SolutionConfigurationPlatforms) = preSolution
		Debug|Any CPU = Debug|Any CPU
		Release|Any CPU = Release|Any CPU
	EndGlobalSection
	GlobalSection(ProjectConfigurationPlatforms) = postSolution
		{6A746A1E-A667-4182-8E0A-47ADA4EB0ADB}.Debug|Any CPU.ActiveCfg = Debug|Any CPU
		{6A746A1E-A667-4182-8E0A-47ADA4EB0ADB}.Debug|Any CPU.Build.0 = Debug|Any CPU
		{6A746A1E-A667-4182-8E0A-47ADA4EB0ADB}.Release|Any CPU.ActiveCfg = Release|Any CPU
		{6A746A1E-A667-4182-8E0A-47ADA4EB0ADB}.Release|Any CPU.Build.0 = Release|Any CPU
	EndGlobalSection
	GlobalSection(SolutionProperties) = preSolution
		HideSolutionNode = FALSE
	EndGlobalSection
	GlobalSection(ExtensibilityGlobals) = postSolution
		SolutionGuid = {66F3261D-A844-4816-B41D-1BF2E5CC3472}
	EndGlobalSection
EndGlobal
