
Microsoft Visual Studio Solution File, Format Version 12.00
# Visual Studio Version 17
VisualStudioVersion = 17.7.34031.279
MinimumVisualStudioVersion = 10.0.40219.1
Project("{FAE04EC0-301F-11D3-BF4B-00C04F79EFBC}") = "2.10.23", "2.10.23.csproj", "{9BA75C16-CE35-4CA9-8F4E-A071B4AE31F8}"
EndProject
Global
	GlobalSection(SolutionConfigurationPlatforms) = preSolution
		Debug|Any CPU = Debug|Any CPU
		Release|Any CPU = Release|Any CPU
	EndGlobalSection
	GlobalSection(ProjectConfigurationPlatforms) = postSolution
		{9BA75C16-CE35-4CA9-8F4E-A071B4AE31F8}.Debug|Any CPU.ActiveCfg = Debug|Any CPU
		{9BA75C16-CE35-4CA9-8F4E-A071B4AE31F8}.Debug|Any CPU.Build.0 = Debug|Any CPU
		{9BA75C16-CE35-4CA9-8F4E-A071B4AE31F8}.Release|Any CPU.ActiveCfg = Release|Any CPU
		{9BA75C16-CE35-4CA9-8F4E-A071B4AE31F8}.Release|Any CPU.Build.0 = Release|Any CPU
	EndGlobalSection
	GlobalSection(SolutionProperties) = preSolution
		HideSolutionNode = FALSE
	EndGlobalSection
	GlobalSection(ExtensibilityGlobals) = postSolution
		SolutionGuid = {F95D9E42-AEC5-43F6-A9BB-D454828D8684}
	EndGlobalSection
EndGlobal
