
Microsoft Visual Studio Solution File, Format Version 12.00
# Visual Studio Version 17
VisualStudioVersion = 17.7.34031.279
MinimumVisualStudioVersion = 10.0.40219.1
Project("{FAE04EC0-301F-11D3-BF4B-00C04F79EFBC}") = "02.09.23^2", "02.09.23^2.csproj", "{59DA30E0-A15F-4B8A-BC89-D9E43C5A36CB}"
EndProject
Global
	GlobalSection(SolutionConfigurationPlatforms) = preSolution
		Debug|Any CPU = Debug|Any CPU
		Release|Any CPU = Release|Any CPU
	EndGlobalSection
	GlobalSection(ProjectConfigurationPlatforms) = postSolution
		{59DA30E0-A15F-4B8A-BC89-D9E43C5A36CB}.Debug|Any CPU.ActiveCfg = Debug|Any CPU
		{59DA30E0-A15F-4B8A-BC89-D9E43C5A36CB}.Debug|Any CPU.Build.0 = Debug|Any CPU
		{59DA30E0-A15F-4B8A-BC89-D9E43C5A36CB}.Release|Any CPU.ActiveCfg = Release|Any CPU
		{59DA30E0-A15F-4B8A-BC89-D9E43C5A36CB}.Release|Any CPU.Build.0 = Release|Any CPU
	EndGlobalSection
	GlobalSection(SolutionProperties) = preSolution
		HideSolutionNode = FALSE
	EndGlobalSection
	GlobalSection(ExtensibilityGlobals) = postSolution
		SolutionGuid = {C4C7DC5D-48DB-459A-86C1-F00F1026D328}
	EndGlobalSection
EndGlobal
