
Microsoft Visual Studio Solution File, Format Version 12.00
# Visual Studio Version 17
VisualStudioVersion = 17.9.34622.214
MinimumVisualStudioVersion = 10.0.40219.1
Project("{FAE04EC0-301F-11D3-BF4B-00C04F79EFBC}") = "ArrayList", "ArrayList.csproj", "{18CBFB6A-129B-48E2-A480-8FE0562E537A}"
EndProject
Global
	GlobalSection(SolutionConfigurationPlatforms) = preSolution
		Debug|Any CPU = Debug|Any CPU
		Release|Any CPU = Release|Any CPU
	EndGlobalSection
	GlobalSection(ProjectConfigurationPlatforms) = postSolution
		{18CBFB6A-129B-48E2-A480-8FE0562E537A}.Debug|Any CPU.ActiveCfg = Debug|Any CPU
		{18CBFB6A-129B-48E2-A480-8FE0562E537A}.Debug|Any CPU.Build.0 = Debug|Any CPU
		{18CBFB6A-129B-48E2-A480-8FE0562E537A}.Release|Any CPU.ActiveCfg = Release|Any CPU
		{18CBFB6A-129B-48E2-A480-8FE0562E537A}.Release|Any CPU.Build.0 = Release|Any CPU
	EndGlobalSection
	GlobalSection(SolutionProperties) = preSolution
		HideSolutionNode = FALSE
	EndGlobalSection
	GlobalSection(ExtensibilityGlobals) = postSolution
		SolutionGuid = {3C7495C6-E377-49B8-B02E-1A1A0FA96A07}
	EndGlobalSection
EndGlobal
