
Microsoft Visual Studio Solution File, Format Version 12.00
# Visual Studio Version 17
VisualStudioVersion = 17.7.34031.279
MinimumVisualStudioVersion = 10.0.40219.1
Project("{FAE04EC0-301F-11D3-BF4B-00C04F79EFBC}") = "13.11.23", "13.11.23.csproj", "{8A1DBAE6-3A12-4A1E-A632-9213E5F64B95}"
EndProject
Global
	GlobalSection(SolutionConfigurationPlatforms) = preSolution
		Debug|Any CPU = Debug|Any CPU
		Release|Any CPU = Release|Any CPU
	EndGlobalSection
	GlobalSection(ProjectConfigurationPlatforms) = postSolution
		{8A1DBAE6-3A12-4A1E-A632-9213E5F64B95}.Debug|Any CPU.ActiveCfg = Debug|Any CPU
		{8A1DBAE6-3A12-4A1E-A632-9213E5F64B95}.Debug|Any CPU.Build.0 = Debug|Any CPU
		{8A1DBAE6-3A12-4A1E-A632-9213E5F64B95}.Release|Any CPU.ActiveCfg = Release|Any CPU
		{8A1DBAE6-3A12-4A1E-A632-9213E5F64B95}.Release|Any CPU.Build.0 = Release|Any CPU
	EndGlobalSection
	GlobalSection(SolutionProperties) = preSolution
		HideSolutionNode = FALSE
	EndGlobalSection
	GlobalSection(ExtensibilityGlobals) = postSolution
		SolutionGuid = {4A50CB4D-68E5-46E3-80B2-8C4AB79295FF}
	EndGlobalSection
EndGlobal
